// !$*UTF8*$!
{
	archiveVersion = 1;
	classes = {
	};
	objectVersion = 50;
	objects = {

/* Begin PBXBuildFile section */
		53DBD60522EB083500BB0141 /* AppDelegate.swift in Sources */ = {isa = PBXBuildFile; fileRef = 53DBD60422EB083500BB0141 /* AppDelegate.swift */; };
		53DBD60722EB083500BB0141 /* ViewController.swift in Sources */ = {isa = PBXBuildFile; fileRef = 53DBD60622EB083500BB0141 /* ViewController.swift */; };
		53DBD60A22EB083500BB0141 /* Main.storyboard in Resources */ = {isa = PBXBuildFile; fileRef = 53DBD60822EB083500BB0141 /* Main.storyboard */; };
		53DBD60C22EB083600BB0141 /* Assets.xcassets in Resources */ = {isa = PBXBuildFile; fileRef = 53DBD60B22EB083600BB0141 /* Assets.xcassets */; };
		53DBD60F22EB083600BB0141 /* LaunchScreen.storyboard in Resources */ = {isa = PBXBuildFile; fileRef = 53DBD60D22EB083600BB0141 /* LaunchScreen.storyboard */; };
		53DBD61A22EB083600BB0141 /* FinalMiniProject__WhatApp_Tests.swift in Sources */ = {isa = PBXBuildFile; fileRef = 53DBD61922EB083600BB0141 /* FinalMiniProject__WhatApp_Tests.swift */; };
		53DBD62522EB083600BB0141 /* FinalMiniProject__WhatApp_UITests.swift in Sources */ = {isa = PBXBuildFile; fileRef = 53DBD62422EB083600BB0141 /* FinalMiniProject__WhatApp_UITests.swift */; };
/* End PBXBuildFile section */

/* Begin PBXContainerItemProxy section */
		53DBD61622EB083600BB0141 /* PBXContainerItemProxy */ = {
			isa = PBXContainerItemProxy;
			containerPortal = 53DBD5F922EB083500BB0141 /* Project object */;
			proxyType = 1;
			remoteGlobalIDString = 53DBD60022EB083500BB0141;
			remoteInfo = "FinalMiniProject(@WhatApp)";
		};
		53DBD62122EB083600BB0141 /* PBXContainerItemProxy */ = {
			isa = PBXContainerItemProxy;
			containerPortal = 53DBD5F922EB083500BB0141 /* Project object */;
			proxyType = 1;
			remoteGlobalIDString = 53DBD60022EB083500BB0141;
			remoteInfo = "FinalMiniProject(@WhatApp)";
		};
/* End PBXContainerItemProxy section */

/* Begin PBXFileReference section */
		53DBD60122EB083500BB0141 /* FinalMiniProject(@WhatApp).app */ = {isa = PBXFileReference; explicitFileType = wrapper.application; includeInIndex = 0; path = "FinalMiniProject(@WhatApp).app"; sourceTree = BUILT_PRODUCTS_DIR; };
		53DBD60422EB083500BB0141 /* AppDelegate.swift */ = {isa = PBXFileReference; lastKnownFileType = sourcecode.swift; path = AppDelegate.swift; sourceTree = "<group>"; };
		53DBD60622EB083500BB0141 /* ViewController.swift */ = {isa = PBXFileReference; lastKnownFileType = sourcecode.swift; path = ViewController.swift; sourceTree = "<group>"; };
		53DBD60922EB083500BB0141 /* Base */ = {isa = PBXFileReference; lastKnownFileType = file.storyboard; name = Base; path = Base.lproj/Main.storyboard; sourceTree = "<group>"; };
		53DBD60B22EB083600BB0141 /* Assets.xcassets */ = {isa = PBXFileReference; lastKnownFileType = folder.assetcatalog; path = Assets.xcassets; sourceTree = "<group>"; };
		53DBD60E22EB083600BB0141 /* Base */ = {isa = PBXFileReference; lastKnownFileType = file.storyboard; name = Base; path = Base.lproj/LaunchScreen.storyboard; sourceTree = "<group>"; };
		53DBD61022EB083600BB0141 /* Info.plist */ = {isa = PBXFileReference; lastKnownFileType = text.plist.xml; path = Info.plist; sourceTree = "<group>"; };
		53DBD61522EB083600BB0141 /* FinalMiniProject(@WhatApp)Tests.xctest */ = {isa = PBXFileReference; explicitFileType = wrapper.cfbundle; includeInIndex = 0; path = "FinalMiniProject(@WhatApp)Tests.xctest"; sourceTree = BUILT_PRODUCTS_DIR; };
		53DBD61922EB083600BB0141 /* FinalMiniProject__WhatApp_Tests.swift */ = {isa = PBXFileReference; lastKnownFileType = sourcecode.swift; path = FinalMiniProject__WhatApp_Tests.swift; sourceTree = "<group>"; };
		53DBD61B22EB083600BB0141 /* Info.plist */ = {isa = PBXFileReference; lastKnownFileType = text.plist.xml; path = Info.plist; sourceTree = "<group>"; };
		53DBD62022EB083600BB0141 /* FinalMiniProject(@WhatApp)UITests.xctest */ = {isa = PBXFileReference; explicitFileType = wrapper.cfbundle; includeInIndex = 0; path = "FinalMiniProject(@WhatApp)UITests.xctest"; sourceTree = BUILT_PRODUCTS_DIR; };
		53DBD62422EB083600BB0141 /* FinalMiniProject__WhatApp_UITests.swift */ = {isa = PBXFileReference; lastKnownFileType = sourcecode.swift; path = FinalMiniProject__WhatApp_UITests.swift; sourceTree = "<group>"; };
		53DBD62622EB083600BB0141 /* Info.plist */ = {isa = PBXFileReference; lastKnownFileType = text.plist.xml; path = Info.plist; sourceTree = "<group>"; };
/* End PBXFileReference section */

/* Begin PBXFrameworksBuildPhase section */
		53DBD5FE22EB083500BB0141 /* Frameworks */ = {
			isa = PBXFrameworksBuildPhase;
			buildActionMask = 2147483647;
			files = (
			);
			runOnlyForDeploymentPostprocessing = 0;
		};
		53DBD61222EB083600BB0141 /* Frameworks */ = {
			isa = PBXFrameworksBuildPhase;
			buildActionMask = 2147483647;
			files = (
			);
			runOnlyForDeploymentPostprocessing = 0;
		};
		53DBD61D22EB083600BB0141 /* Frameworks */ = {
			isa = PBXFrameworksBuildPhase;
			buildActionMask = 2147483647;
			files = (
			);
			runOnlyForDeploymentPostprocessing = 0;
		};
/* End PBXFrameworksBuildPhase section */

/* Begin PBXGroup section */
		53DBD5F822EB083500BB0141 = {
			isa = PBXGroup;
			children = (
				53DBD60322EB083500BB0141 /* FinalMiniProject(@WhatApp) */,
				53DBD61822EB083600BB0141 /* FinalMiniProject(@WhatApp)Tests */,
				53DBD62322EB083600BB0141 /* FinalMiniProject(@WhatApp)UITests */,
				53DBD60222EB083500BB0141 /* Products */,
			);
			sourceTree = "<group>";
		};
		53DBD60222EB083500BB0141 /* Products */ = {
			isa = PBXGroup;
			children = (
				53DBD60122EB083500BB0141 /* FinalMiniProject(@WhatApp).app */,
				53DBD61522EB083600BB0141 /* FinalMiniProject(@WhatApp)Tests.xctest */,
				53DBD62022EB083600BB0141 /* FinalMiniProject(@WhatApp)UITests.xctest */,
			);
			name = Products;
			sourceTree = "<group>";
		};
		53DBD60322EB083500BB0141 /* FinalMiniProject(@WhatApp) */ = {
			isa = PBXGroup;
			children = (
				53DBD60422EB083500BB0141 /* AppDelegate.swift */,
				53DBD60622EB083500BB0141 /* ViewController.swift */,
				53DBD60822EB083500BB0141 /* Main.storyboard */,
				53DBD60B22EB083600BB0141 /* Assets.xcassets */,
				53DBD60D22EB083600BB0141 /* LaunchScreen.storyboard */,
				53DBD61022EB083600BB0141 /* Info.plist */,
			);
			path = "FinalMiniProject(@WhatApp)";
			sourceTree = "<group>";
		};
		53DBD61822EB083600BB0141 /* FinalMiniProject(@WhatApp)Tests */ = {
			isa = PBXGroup;
			children = (
				53DBD61922EB083600BB0141 /* FinalMiniProject__WhatApp_Tests.swift */,
				53DBD61B22EB083600BB0141 /* Info.plist */,
			);
			path = "FinalMiniProject(@WhatApp)Tests";
			sourceTree = "<group>";
		};
		53DBD62322EB083600BB0141 /* FinalMiniProject(@WhatApp)UITests */ = {
			isa = PBXGroup;
			children = (
				53DBD62422EB083600BB0141 /* FinalMiniProject__WhatApp_UITests.swift */,
				53DBD62622EB083600BB0141 /* Info.plist */,
			);
			path = "FinalMiniProject(@WhatApp)UITests";
			sourceTree = "<group>";
		};
/* End PBXGroup section */

/* Begin PBXNativeTarget section */
		53DBD60022EB083500BB0141 /* FinalMiniProject(@WhatApp) */ = {
			isa = PBXNativeTarget;
			buildConfigurationList = 53DBD62922EB083600BB0141 /* Build configuration list for PBXNativeTarget "FinalMiniProject(@WhatApp)" */;
			buildPhases = (
				53DBD5FD22EB083500BB0141 /* Sources */,
				53DBD5FE22EB083500BB0141 /* Frameworks */,
				53DBD5FF22EB083500BB0141 /* Resources */,
			);
			buildRules = (
			);
			dependencies = (
			);
			name = "FinalMiniProject(@WhatApp)";
			productName = "FinalMiniProject(@WhatApp)";
			productReference = 53DBD60122EB083500BB0141 /* FinalMiniProject(@WhatApp).app */;
			productType = "com.apple.product-type.application";
		};
		53DBD61422EB083600BB0141 /* FinalMiniProject(@WhatApp)Tests */ = {
			isa = PBXNativeTarget;
			buildConfigurationList = 53DBD62C22EB083600BB0141 /* Build configuration list for PBXNativeTarget "FinalMiniProject(@WhatApp)Tests" */;
			buildPhases = (
				53DBD61122EB083600BB0141 /* Sources */,
				53DBD61222EB083600BB0141 /* Frameworks */,
				53DBD61322EB083600BB0141 /* Resources */,
			);
			buildRules = (
			);
			dependencies = (
				53DBD61722EB083600BB0141 /* PBXTargetDependency */,
			);
			name = "FinalMiniProject(@WhatApp)Tests";
			productName = "FinalMiniProject(@WhatApp)Tests";
			productReference = 53DBD61522EB083600BB0141 /* FinalMiniProject(@WhatApp)Tests.xctest */;
			productType = "com.apple.product-type.bundle.unit-test";
		};
		53DBD61F22EB083600BB0141 /* FinalMiniProject(@WhatApp)UITests */ = {
			isa = PBXNativeTarget;
			buildConfigurationList = 53DBD62F22EB083600BB0141 /* Build configuration list for PBXNativeTarget "FinalMiniProject(@WhatApp)UITests" */;
			buildPhases = (
				53DBD61C22EB083600BB0141 /* Sources */,
				53DBD61D22EB083600BB0141 /* Frameworks */,
				53DBD61E22EB083600BB0141 /* Resources */,
			);
			buildRules = (
			);
			dependencies = (
				53DBD62222EB083600BB0141 /* PBXTargetDependency */,
			);
			name = "FinalMiniProject(@WhatApp)UITests";
			productName = "FinalMiniProject(@WhatApp)UITests";
			productReference = 53DBD62022EB083600BB0141 /* FinalMiniProject(@WhatApp)UITests.xctest */;
			productType = "com.apple.product-type.bundle.ui-testing";
		};
/* End PBXNativeTarget section */

/* Begin PBXProject section */
		53DBD5F922EB083500BB0141 /* Project object */ = {
			isa = PBXProject;
			attributes = {
				LastSwiftUpdateCheck = 1010;
				LastUpgradeCheck = 1010;
				ORGANIZATIONNAME = "Keith Wong";
				TargetAttributes = {
					53DBD60022EB083500BB0141 = {
						CreatedOnToolsVersion = 10.1;
					};
					53DBD61422EB083600BB0141 = {
						CreatedOnToolsVersion = 10.1;
						TestTargetID = 53DBD60022EB083500BB0141;
					};
					53DBD61F22EB083600BB0141 = {
						CreatedOnToolsVersion = 10.1;
						TestTargetID = 53DBD60022EB083500BB0141;
					};
				};
			};
			buildConfigurationList = 53DBD5FC22EB083500BB0141 /* Build configuration list for PBXProject "FinalMiniProject(@WhatApp)" */;
			compatibilityVersion = "Xcode 9.3";
			developmentRegion = en;
			hasScannedForEncodings = 0;
			knownRegions = (
				en,
				Base,
			);
			mainGroup = 53DBD5F822EB083500BB0141;
			productRefGroup = 53DBD60222EB083500BB0141 /* Products */;
			projectDirPath = "";
			projectRoot = "";
			targets = (
				53DBD60022EB083500BB0141 /* FinalMiniProject(@WhatApp) */,
				53DBD61422EB083600BB0141 /* FinalMiniProject(@WhatApp)Tests */,
				53DBD61F22EB083600BB0141 /* FinalMiniProject(@WhatApp)UITests */,
			);
		};
/* End PBXProject section */

/* Begin PBXResourcesBuildPhase section */
		53DBD5FF22EB083500BB0141 /* Resources */ = {
			isa = PBXResourcesBuildPhase;
			buildActionMask = 2147483647;
			files = (
				53DBD60F22EB083600BB0141 /* LaunchScreen.storyboard in Resources */,
				53DBD60C22EB083600BB0141 /* Assets.xcassets in Resources */,
				53DBD60A22EB083500BB0141 /* Main.storyboard in Resources */,
			);
			runOnlyForDeploymentPostprocessing = 0;
		};
		53DBD61322EB083600BB0141 /* Resources */ = {
			isa = PBXResourcesBuildPhase;
			buildActionMask = 2147483647;
			files = (
			);
			runOnlyForDeploymentPostprocessing = 0;
		};
		53DBD61E22EB083600BB0141 /* Resources */ = {
			isa = PBXResourcesBuildPhase;
			buildActionMask = 2147483647;
			files = (
			);
			runOnlyForDeploymentPostprocessing = 0;
		};
/* End PBXResourcesBuildPhase section */

/* Begin PBXSourcesBuildPhase section */
		53DBD5FD22EB083500BB0141 /* Sources */ = {
			isa = PBXSourcesBuildPhase;
			buildActionMask = 2147483647;
			files = (
				53DBD60722EB083500BB0141 /* ViewController.swift in Sources */,
				53DBD60522EB083500BB0141 /* AppDelegate.swift in Sources */,
			);
			runOnlyForDeploymentPostprocessing = 0;
		};
		53DBD61122EB083600BB0141 /* Sources */ = {
			isa = PBXSourcesBuildPhase;
			buildActionMask = 2147483647;
			files = (
				53DBD61A22EB083600BB0141 /* FinalMiniProject__WhatApp_Tests.swift in Sources */,
			);
			runOnlyForDeploymentPostprocessing = 0;
		};
		53DBD61C22EB083600BB0141 /* Sources */ = {
			isa = PBXSourcesBuildPhase;
			buildActionMask = 2147483647;
			files = (
				53DBD62522EB083600BB0141 /* FinalMiniProject__WhatApp_UITests.swift in Sources */,
			);
			runOnlyForDeploymentPostprocessing = 0;
		};
/* End PBXSourcesBuildPhase section */

/* Begin PBXTargetDependency section */
		53DBD61722EB083600BB0141 /* PBXTargetDependency */ = {
			isa = PBXTargetDependency;
			target = 53DBD60022EB083500BB0141 /* FinalMiniProject(@WhatApp) */;
			targetProxy = 53DBD61622EB083600BB0141 /* PBXContainerItemProxy */;
		};
		53DBD62222EB083600BB0141 /* PBXTargetDependency */ = {
			isa = PBXTargetDependency;
			target = 53DBD60022EB083500BB0141 /* FinalMiniProject(@WhatApp) */;
			targetProxy = 53DBD62122EB083600BB0141 /* PBXContainerItemProxy */;
		};
/* End PBXTargetDependency section */

/* Begin PBXVariantGroup section */
		53DBD60822EB083500BB0141 /* Main.storyboard */ = {
			isa = PBXVariantGroup;
			children = (
				53DBD60922EB083500BB0141 /* Base */,
			);
			name = Main.storyboard;
			sourceTree = "<group>";
		};
		53DBD60D22EB083600BB0141 /* LaunchScreen.storyboard */ = {
			isa = PBXVariantGroup;
			children = (
				53DBD60E22EB083600BB0141 /* Base */,
			);
			name = LaunchScreen.storyboard;
			sourceTree = "<group>";
		};
/* End PBXVariantGroup section */

/* Begin XCBuildConfiguration section */
		53DBD62722EB083600BB0141 /* Debug */ = {
			isa = XCBuildConfiguration;
			buildSettings = {
				ALWAYS_SEARCH_USER_PATHS = NO;
				CLANG_ANALYZER_NONNULL = YES;
				CLANG_ANALYZER_NUMBER_OBJECT_CONVERSION = YES_AGGRESSIVE;
				CLANG_CXX_LANGUAGE_STANDARD = "gnu++14";
				CLANG_CXX_LIBRARY = "libc++";
				CLANG_ENABLE_MODULES = YES;
				CLANG_ENABLE_OBJC_ARC = YES;
				CLANG_ENABLE_OBJC_WEAK = YES;
				CLANG_WARN_BLOCK_CAPTURE_AUTORELEASING = YES;
				CLANG_WARN_BOOL_CONVERSION = YES;
				CLANG_WARN_COMMA = YES;
				CLANG_WARN_CONSTANT_CONVERSION = YES;
				CLANG_WARN_DEPRECATED_OBJC_IMPLEMENTATIONS = YES;
				CLANG_WARN_DIRECT_OBJC_ISA_USAGE = YES_ERROR;
				CLANG_WARN_DOCUMENTATION_COMMENTS = YES;
				CLANG_WARN_EMPTY_BODY = YES;
				CLANG_WARN_ENUM_CONVERSION = YES;
				CLANG_WARN_INFINITE_RECURSION = YES;
				CLANG_WARN_INT_CONVERSION = YES;
				CLANG_WARN_NON_LITERAL_NULL_CONVERSION = YES;
				CLANG_WARN_OBJC_IMPLICIT_RETAIN_SELF = YES;
				CLANG_WARN_OBJC_LITERAL_CONVERSION = YES;
				CLANG_WARN_OBJC_ROOT_CLASS = YES_ERROR;
				CLANG_WARN_RANGE_LOOP_ANALYSIS = YES;
				CLANG_WARN_STRICT_PROTOTYPES = YES;
				CLANG_WARN_SUSPICIOUS_MOVE = YES;
				CLANG_WARN_UNGUARDED_AVAILABILITY = YES_AGGRESSIVE;
				CLANG_WARN_UNREACHABLE_CODE = YES;
				CLANG_WARN__DUPLICATE_METHOD_MATCH = YES;
				CODE_SIGN_IDENTITY = "iPhone Developer";
				COPY_PHASE_STRIP = NO;
				DEBUG_INFORMATION_FORMAT = dwarf;
				ENABLE_STRICT_OBJC_MSGSEND = YES;
				ENABLE_TESTABILITY = YES;
				GCC_C_LANGUAGE_STANDARD = gnu11;
				GCC_DYNAMIC_NO_PIC = NO;
				GCC_NO_COMMON_BLOCKS = YES;
				GCC_OPTIMIZATION_LEVEL = 0;
				GCC_PREPROCESSOR_DEFINITIONS = (
					"DEBUG=1",
					"$(inherited)",
				);
				GCC_WARN_64_TO_32_BIT_CONVERSION = YES;
				GCC_WARN_ABOUT_RETURN_TYPE = YES_ERROR;
				GCC_WARN_UNDECLARED_SELECTOR = YES;
				GCC_WARN_UNINITIALIZED_AUTOS = YES_AGGRESSIVE;
				GCC_WARN_UNUSED_FUNCTION = YES;
				GCC_WARN_UNUSED_VARIABLE = YES;
				IPHONEOS_DEPLOYMENT_TARGET = 12.1;
				MTL_ENABLE_DEBUG_INFO = INCLUDE_SOURCE;
				MTL_FAST_MATH = YES;
				ONLY_ACTIVE_ARCH = YES;
				SDKROOT = iphoneos;
				SWIFT_ACTIVE_COMPILATION_CONDITIONS = DEBUG;
				SWIFT_OPTIMIZATION_LEVEL = "-Onone";
			};
			name = Debug;
		};
		53DBD62822EB083600BB0141 /* Release */ = {
			isa = XCBuildConfiguration;
			buildSettings = {
				ALWAYS_SEARCH_USER_PATHS = NO;
				CLANG_ANALYZER_NONNULL = YES;
				CLANG_ANALYZER_NUMBER_OBJECT_CONVERSION = YES_AGGRESSIVE;
				CLANG_CXX_LANGUAGE_STANDARD = "gnu++14";
				CLANG_CXX_LIBRARY = "libc++";
				CLANG_ENABLE_MODULES = YES;
				CLANG_ENABLE_OBJC_ARC = YES;
				CLANG_ENABLE_OBJC_WEAK = YES;
				CLANG_WARN_BLOCK_CAPTURE_AUTORELEASING = YES;
				CLANG_WARN_BOOL_CONVERSION = YES;
				CLANG_WARN_COMMA = YES;
				CLANG_WARN_CONSTANT_CONVERSION = YES;
				CLANG_WARN_DEPRECATED_OBJC_IMPLEMENTATIONS = YES;
				CLANG_WARN_DIRECT_OBJC_ISA_USAGE = YES_ERROR;
				CLANG_WARN_DOCUMENTATION_COMMENTS = YES;
				CLANG_WARN_EMPTY_BODY = YES;
				CLANG_WARN_ENUM_CONVERSION = YES;
				CLANG_WARN_INFINITE_RECURSION = YES;
				CLANG_WARN_INT_CONVERSION = YES;
				CLANG_WARN_NON_LITERAL_NULL_CONVERSION = YES;
				CLANG_WARN_OBJC_IMPLICIT_RETAIN_SELF = YES;
				CLANG_WARN_OBJC_LITERAL_CONVERSION = YES;
				CLANG_WARN_OBJC_ROOT_CLASS = YES_ERROR;
				CLANG_WARN_RANGE_LOOP_ANALYSIS = YES;
				CLANG_WARN_STRICT_PROTOTYPES = YES;
				CLANG_WARN_SUSPICIOUS_MOVE = YES;
				CLANG_WARN_UNGUARDED_AVAILABILITY = YES_AGGRESSIVE;
				CLANG_WARN_UNREACHABLE_CODE = YES;
				CLANG_WARN__DUPLICATE_METHOD_MATCH = YES;
				CODE_SIGN_IDENTITY = "iPhone Developer";
				COPY_PHASE_STRIP = NO;
				DEBUG_INFORMATION_FORMAT = "dwarf-with-dsym";
				ENABLE_NS_ASSERTIONS = NO;
				ENABLE_STRICT_OBJC_MSGSEND = YES;
				GCC_C_LANGUAGE_STANDARD = gnu11;
				GCC_NO_COMMON_BLOCKS = YES;
				GCC_WARN_64_TO_32_BIT_CONVERSION = YES;
				GCC_WARN_ABOUT_RETURN_TYPE = YES_ERROR;
				GCC_WARN_UNDECLARED_SELECTOR = YES;
				GCC_WARN_UNINITIALIZED_AUTOS = YES_AGGRESSIVE;
				GCC_WARN_UNUSED_FUNCTION = YES;
				GCC_WARN_UNUSED_VARIABLE = YES;
				IPHONEOS_DEPLOYMENT_TARGET = 12.1;
				MTL_ENABLE_DEBUG_INFO = NO;
				MTL_FAST_MATH = YES;
				SDKROOT = iphoneos;
				SWIFT_COMPILATION_MODE = wholemodule;
				SWIFT_OPTIMIZATION_LEVEL = "-O";
				VALIDATE_PRODUCT = YES;
			};
			name = Release;
		};
		53DBD62A22EB083600BB0141 /* Debug */ = {
			isa = XCBuildConfiguration;
			buildSettings = {
				ASSETCATALOG_COMPILER_APPICON_NAME = AppIcon;
				CODE_SIGN_STYLE = Automatic;
				DEVELOPMENT_TEAM = WRBUV5T87Y;
				INFOPLIST_FILE = "FinalMiniProject(@WhatApp)/Info.plist";
				LD_RUNPATH_SEARCH_PATHS = (
					"$(inherited)",
					"@executable_path/Frameworks",
				);
				PRODUCT_BUNDLE_IDENTIFIER = "hcmiu.FinalMiniProject--WhatApp-";
				PRODUCT_NAME = "$(TARGET_NAME)";
				SWIFT_VERSION = 4.2;
				TARGETED_DEVICE_FAMILY = "1,2";
			};
			name = Debug;
		};
		53DBD62B22EB083600BB0141 /* Release */ = {
			isa = XCBuildConfiguration;
			buildSettings = {
				ASSETCATALOG_COMPILER_APPICON_NAME = AppIcon;
				CODE_SIGN_STYLE = Automatic;
				DEVELOPMENT_TEAM = WRBUV5T87Y;
				INFOPLIST_FILE = "FinalMiniProject(@WhatApp)/Info.plist";
				LD_RUNPATH_SEARCH_PATHS = (
					"$(inherited)",
					"@executable_path/Frameworks",
				);
				PRODUCT_BUNDLE_IDENTIFIER = "hcmiu.FinalMiniProject--WhatApp-";
				PRODUCT_NAME = "$(TARGET_NAME)";
				SWIFT_VERSION = 4.2;
				TARGETED_DEVICE_FAMILY = "1,2";
			};
			name = Release;
		};
		53DBD62D22EB083600BB0141 /* Debug */ = {
			isa = XCBuildConfiguration;
			buildSettings = {
				ALWAYS_EMBED_SWIFT_STANDARD_LIBRARIES = YES;
				BUNDLE_LOADER = "$(TEST_HOST)";
				CODE_SIGN_STYLE = Automatic;
				DEVELOPMENT_TEAM = WRBUV5T87Y;
				INFOPLIST_FILE = "FinalMiniProject(@WhatApp)Tests/Info.plist";
				LD_RUNPATH_SEARCH_PATHS = (
					"$(inherited)",
					"@executable_path/Frameworks",
					"@loader_path/Frameworks",
				);
				PRODUCT_BUNDLE_IDENTIFIER = "hcmiu.FinalMiniProject--WhatApp-Tests";
				PRODUCT_NAME = "$(TARGET_NAME)";
				SWIFT_VERSION = 4.2;
				TARGETED_DEVICE_FAMILY = "1,2";
				TEST_HOST = "$(BUILT_PRODUCTS_DIR)/FinalMiniProject(@WhatApp).app/FinalMiniProject(@WhatApp)";
			};
			name = Debug;
		};
		53DBD62E22EB083600BB0141 /* Release */ = {
			isa = XCBuildConfiguration;
			buildSettings = {
				ALWAYS_EMBED_SWIFT_STANDARD_LIBRARIES = YES;
				BUNDLE_LOADER = "$(TEST_HOST)";
				CODE_SIGN_STYLE = Automatic;
				DEVELOPMENT_TEAM = WRBUV5T87Y;
				INFOPLIST_FILE = "FinalMiniProject(@WhatApp)Tests/Info.plist";
				LD_RUNPATH_SEARCH_PATHS = (
					"$(inherited)",
					"@executable_path/Frameworks",
					"@loader_path/Frameworks",
				);
				PRODUCT_BUNDLE_IDENTIFIER = "hcmiu.FinalMiniProject--WhatApp-Tests";
				PRODUCT_NAME = "$(TARGET_NAME)";
				SWIFT_VERSION = 4.2;
				TARGETED_DEVICE_FAMILY = "1,2";
				TEST_HOST = "$(BUILT_PRODUCTS_DIR)/FinalMiniProject(@WhatApp).app/FinalMiniProject(@WhatApp)";
			};
			name = Release;
		};
		53DBD63022EB083600BB0141 /* Debug */ = {
			isa = XCBuildConfiguration;
			buildSettings = {
				ALWAYS_EMBED_SWIFT_STANDARD_LIBRARIES = YES;
				CODE_SIGN_STYLE = Automatic;
				DEVELOPMENT_TEAM = WRBUV5T87Y;
				INFOPLIST_FILE = "FinalMiniProject(@WhatApp)UITests/Info.plist";
				LD_RUNPATH_SEARCH_PATHS = (
					"$(inherited)",
					"@executable_path/Frameworks",
					"@loader_path/Frameworks",
				);
				PRODUCT_BUNDLE_IDENTIFIER = "hcmiu.FinalMiniProject--WhatApp-UITests";
				PRODUCT_NAME = "$(TARGET_NAME)";
				SWIFT_VERSION = 4.2;
				TARGETED_DEVICE_FAMILY = "1,2";
				TEST_TARGET_NAME = "FinalMiniProject(@WhatApp)";
			};
			name = Debug;
		};
		53DBD63122EB083600BB0141 /* Release */ = {
			isa = XCBuildConfiguration;
			buildSettings = {
				ALWAYS_EMBED_SWIFT_STANDARD_LIBRARIES = YES;
				CODE_SIGN_STYLE = Automatic;
				DEVELOPMENT_TEAM = WRBUV5T87Y;
				INFOPLIST_FILE = "FinalMiniProject(@WhatApp)UITests/Info.plist";
				LD_RUNPATH_SEARCH_PATHS = (
					"$(inherited)",
					"@executable_path/Frameworks",
					"@loader_path/Frameworks",
				);
				PRODUCT_BUNDLE_IDENTIFIER = "hcmiu.FinalMiniProject--WhatApp-UITests";
				PRODUCT_NAME = "$(TARGET_NAME)";
				SWIFT_VERSION = 4.2;
				TARGETED_DEVICE_FAMILY = "1,2";
				TEST_TARGET_NAME = "FinalMiniProject(@WhatApp)";
			};
			name = Release;
		};
/* End XCBuildConfiguration section */

/* Begin XCConfigurationList section */
		53DBD5FC22EB083500BB0141 /* Build configuration list for PBXProject "FinalMiniProject(@WhatApp)" */ = {
			isa = XCConfigurationList;
			buildConfigurations = (
				53DBD62722EB083600BB0141 /* Debug */,
				53DBD62822EB083600BB0141 /* Release */,
			);
			defaultConfigurationIsVisible = 0;
			defaultConfigurationName = Release;
		};
		53DBD62922EB083600BB0141 /* Build configuration list for PBXNativeTarget "FinalMiniProject(@WhatApp)" */ = {
			isa = XCConfigurationList;
			buildConfigurations = (
				53DBD62A22EB083600BB0141 /* Debug */,
				53DBD62B22EB083600BB0141 /* Release */,
			);
			defaultConfigurationIsVisible = 0;
			defaultConfigurationName = Release;
		};
		53DBD62C22EB083600BB0141 /* Build configuration list for PBXNativeTarget "FinalMiniProject(@WhatApp)Tests" */ = {
			isa = XCConfigurationList;
			buildConfigurations = (
				53DBD62D22EB083600BB0141 /* Debug */,
				53DBD62E22EB083600BB0141 /* Release */,
			);
			defaultConfigurationIsVisible = 0;
			defaultConfigurationName = Release;
		};
		53DBD62F22EB083600BB0141 /* Build configuration list for PBXNativeTarget "FinalMiniProject(@WhatApp)UITests" */ = {
			isa = XCConfigurationList;
			buildConfigurations = (
				53DBD63022EB083600BB0141 /* Debug */,
				53DBD63122EB083600BB0141 /* Release */,
			);
			defaultConfigurationIsVisible = 0;
			defaultConfigurationName = Release;
		};
/* End XCConfigurationList section */
	};
	rootObject = 53DBD5F922EB083500BB0141 /* Project object */;
}
